
Microsoft Visual Studio Solution File, Format Version 12.00
# Visual Studio Version 16
VisualStudioVersion = 16.0.30907.101
MinimumVisualStudioVersion = 10.0.40219.1
Project("{FAE04EC0-301F-11D3-BF4B-00C04F79EFBC}") = "Test", "Test\Test.csproj", "{9E159182-F67C-4E79-9CF8-BE80135DAFFA}"
EndProject
Global
	GlobalSection(SolutionConfigurationPlatforms) = preSolution
		Debug|Any CPU = Debug|Any CPU
		Release|Any CPU = Release|Any CPU
	EndGlobalSection
	GlobalSection(ProjectConfigurationPlatforms) = postSolution
		{9E159182-F67C-4E79-9CF8-BE80135DAFFA}.Debug|Any CPU.ActiveCfg = Debug|Any CPU
		{9E159182-F67C-4E79-9CF8-BE80135DAFFA}.Debug|Any CPU.Build.0 = Debug|Any CPU
		{9E159182-F67C-4E79-9CF8-BE80135DAFFA}.Release|Any CPU.ActiveCfg = Release|Any CPU
		{9E159182-F67C-4E79-9CF8-BE80135DAFFA}.Release|Any CPU.Build.0 = Release|Any CPU
	EndGlobalSection
	GlobalSection(SolutionProperties) = preSolution
		HideSolutionNode = FALSE
	EndGlobalSection
	GlobalSection(ExtensibilityGlobals) = postSolution
		SolutionGuid = {DC2E9B3A-8777-454E-9354-CBECF8492E43}
	EndGlobalSection
EndGlobal
